{
  "version": 4,
  "terraform_version": "1.6.3",
  "serial": 1,
  "lineage": "2a974962-30d8-8105-4051-e9a031b15b41",
  "outputs": {},
  "resources": [
    {
      "mode": "managed",
      "type": "github_repository",
      "name": "Terraform-first-repo",
      "provider": "provider[\"registry.terraform.io/integrations/github\"]",
      "instances": [
        {
          "schema_version": 1,
          "attributes": {
            "allow_auto_merge": false,
            "allow_merge_commit": true,
            "allow_rebase_merge": true,
            "allow_squash_merge": true,
            "allow_update_branch": false,
            "archive_on_destroy": null,
            "archived": false,
            "auto_init": true,
            "default_branch": "main",
            "delete_branch_on_merge": false,
            "description": "Test-repository-by-uzair",
            "etag": "W/\"1ee96c96bdf932aaa05510860709c61fab60964d2e06837a7ff33ab47d599d67\"",
            "full_name": "uzair3399/first-repo-on-terraform-by-uzair",
            "git_clone_url": "git://github.com/uzair3399/first-repo-on-terraform-by-uzair.git",
            "gitignore_template": null,
            "has_discussions": false,
            "has_downloads": false,
            "has_issues": false,
            "has_projects": false,
            "has_wiki": false,
            "homepage_url": "",
            "html_url": "https://github.com/uzair3399/first-repo-on-terraform-by-uzair",
            "http_clone_url": "https://github.com/uzair3399/first-repo-on-terraform-by-uzair.git",
            "id": "first-repo-on-terraform-by-uzair",
            "ignore_vulnerability_alerts_during_read": null,
            "is_template": false,
            "license_template": null,
            "merge_commit_message": "PR_TITLE",
            "merge_commit_title": "MERGE_MESSAGE",
            "name": "first-repo-on-terraform-by-uzair",
            "node_id": "R_kgDOKqD7Iw",
            "pages": [],
            "primary_language": "",
            "private": false,
            "repo_id": 715193123,
            "security_and_analysis": [
              {
                "advanced_security": [],
                "secret_scanning": [
                  {
                    "status": "disabled"
                  }
                ],
                "secret_scanning_push_protection": [
                  {
                    "status": "disabled"
                  }
                ]
              }
            ],
            "squash_merge_commit_message": "COMMIT_MESSAGES",
            "squash_merge_commit_title": "COMMIT_OR_PR_TITLE",
            "ssh_clone_url": "git@github.com:uzair3399/first-repo-on-terraform-by-uzair.git",
            "svn_url": "https://github.com/uzair3399/first-repo-on-terraform-by-uzair",
            "template": [],
            "topics": [],
            "visibility": "public",
            "vulnerability_alerts": false
          },
          "sensitive_attributes": [],
          "private": "eyJzY2hlbWFfdmVyc2lvbiI6IjEifQ=="
        }
      ]
    }
  ],
  "check_results": null
}
